{
  "name": "oxoxo",
  "version": "0.0.1",
  "lockfileVersion": 1,
  "requires": true,
  "dependencies": {
    "@toolbuilder/make-factory": {
      "version": "0.1.1",
      "resolved": "https://registry.npmjs.org/@toolbuilder/make-factory/-/make-factory-0.1.1.tgz",
      "integrity": "sha512-b+vaUbLbweb6OJhk+L4A0uj8/6KId7VZblvJ3yGgLS6aTFpAysGItpT0kkZSl6UJxoDBhpEnONhIkixTodrHhg==",
      "requires": {
        "esm": "^3.2.25"
      }
    },
    "app-module-path": {
      "version": "2.2.0",
      "resolved": "https://registry.npmjs.org/app-module-path/-/app-module-path-2.2.0.tgz",
      "integrity": "sha1-ZBqlXft9am8KgUHEucCqULbCTdU="
    },
    "esm": {
      "version": "3.2.25",
      "resolved": "https://registry.npmjs.org/esm/-/esm-3.2.25.tgz",
      "integrity": "sha512-U1suiZ2oDVWv4zPO56S0NcR5QriEahGtdN2OR6FiOG4WJvcjBVFB0qI4+eKoWFH483PKGuLuu6V8Z4T5g63UVA=="
    },
    "iterablefu": {
      "version": "0.4.0",
      "resolved": "https://registry.npmjs.org/iterablefu/-/iterablefu-0.4.0.tgz",
      "integrity": "sha512-MeLT2yZk6ZDNffLzqwQN6YCYFutHrnKeEt5FFBdcaI2ryxd1eApbHbc1mU4KbQNUUdmal3qmh+z1PE/wnmVlNA==",
      "requires": {
        "@toolbuilder/make-factory": "^0.1.0",
        "esm": "^3.2.25"
      }
    },
    "lodash": {
      "version": "4.17.15",
      "resolved": "https://registry.npmjs.org/lodash/-/lodash-4.17.15.tgz",
      "integrity": "sha512-8xOcRHvCjnocdS5cpwXQXVzmmh5e5+saE2QGoeQmbKmRS6J3VQppPOIt0MnmE+4xlZoumy0GPG0D0MVIQbNA1A=="
    }
  }
}
